{
    "name": "libs",
    "version": "1.0.0",
    "lockfileVersion": 3,
    "requires": true,
    "packages": {
        "": {
            "name": "libs",
            "version": "1.0.0",
            "dependencies": {
                "cables": "file:../../",
                "cables-shared-client": "file:../../../shared/client/"
            }
        },
        "../..": {
            "version": "1.0.0",
            "license": "MIT",
            "dependencies": {
                "@webgpu/types": "^0.1.53",
                "cables-corelibs": "file:src/libs/",
                "cables-shared-client": "file:../shared/client/",
                "git-last-commit": "1.0.1",
                "gl-matrix": "3.1.0"
            },
            "devDependencies": {
                "@k88/module-scope-plugin": "1.1.0",
                "gulp": "5.0.0",
                "raw-loader": "^4.0.2",
                "terser-webpack-plugin": "5.3.10",
                "webpack": "5.91.0",
                "webpack-bundle-analyzer": "4.10.2"
            },
            "engines": {
                "node": "20.13.1"
            }
        },
        "../../../shared": {
            "name": "cables-shared",
            "version": "0.0.1",
            "license": "MIT",
            "devDependencies": {
                "jwt-encode": "1.0.1",
                "npm-run-all": "4.1.5",
                "socketcluster-client": "19.2.3"
            },
            "engines": {
                "node": "20.13.1"
            }
        },
        "../../../shared/client": {
            "version": "0.0.1",
            "license": "MIT",
            "engines": {
                "node": "20.13.1"
            }
        },
        "node_modules/cables": {
            "resolved": "../..",
            "link": true
        },
        "node_modules/cables-shared-client": {
            "resolved": "../../../shared/client",
            "link": true
        }
    }
}
