{
    "name": "cables-corelibs",
    "version": "1.0.0",
    "lockfileVersion": 3,
    "requires": true,
    "packages": {
        "": {
            "name": "cables-corelibs",
            "version": "1.0.0",
            "dependencies": {
                "cables": "file:../../",
                "cables-shared-client": "file:../../../shared/client/",
                "gl-matrix": "3.1.0"
            }
        },
        "../..": {
            "version": "1.0.0",
            "hasInstallScript": true,
            "license": "MIT",
            "dependencies": {
                "@webgpu/types": "^0.1.53",
                "cables-shared-client": "file:../shared/client/",
                "git-last-commit": "1.0.1"
            },
            "devDependencies": {
                "@k88/module-scope-plugin": "1.1.0",
                "gulp": "5.0.0",
                "gulp-json-schema": "1.0.0",
                "raw-loader": "^4.0.2",
                "terser-webpack-plugin": "5.3.10",
                "webpack": "5.91.0",
                "webpack-bundle-analyzer": "4.10.2"
            },
            "engines": {
                "node": "20.13.1"
            }
        },
        "../../../shared": {
            "name": "cables-shared",
            "version": "0.0.1",
            "license": "MIT",
            "devDependencies": {
                "jwt-encode": "1.0.1",
                "npm-run-all": "4.1.5",
                "socketcluster-client": "19.2.3"
            },
            "engines": {
                "node": "20.13.1"
            }
        },
        "../../../shared/client": {
            "name": "cables-shared-client",
            "version": "0.0.1",
            "license": "MIT",
            "engines": {
                "node": "20.13.1"
            }
        },
        "node_modules/cables": {
            "resolved": "../..",
            "link": true
        },
        "node_modules/cables-shared-client": {
            "resolved": "../../../shared/client",
            "link": true
        },
        "node_modules/gl-matrix": {
            "version": "3.1.0",
            "resolved": "https://registry.npmjs.org/gl-matrix/-/gl-matrix-3.1.0.tgz",
            "integrity": "sha512-526NA+3EA+ztAQi0IZpSWiM0fyQXIp7IbRvfJ4wS/TjjQD0uv0fVybXwwqqSOlq33UckivI0yMDlVtboWm3k7A=="
        }
    }
}
